schema: '2.0'
stages:
  data_ingestion:
    cmd: python src/data/data_ingestion.py
    deps:
    - path: src/data/data_ingestion.py
      hash: md5
      md5: ee08a4c31ae467cebbcce70b5cc5491a
      size: 3545
    params:
      params.yaml:
        data_ingestion.test_size: 0.2
    outs:
    - path: data/raw
      hash: md5
      md5: fb326d2eec197669f9638afde28356bf.dir
      size: 827973
      nfiles: 2
  data_preprocessing:
    cmd: python src/data/data_preprocessing.py
    deps:
    - path: data/raw
      hash: md5
      md5: fb326d2eec197669f9638afde28356bf.dir
      size: 827973
      nfiles: 2
    - path: src/data/data_preprocessing.py
      hash: md5
      md5: c1e18bf95fcc1e3d80cae9ee7c4a6383
      size: 4014
    outs:
    - path: data/interim
      hash: md5
      md5: 985f7ec6f120c9a2bf5f6c7d8b547d7d.dir
      size: 566063
      nfiles: 2
  feature_engineering:
    cmd: python src/features/feature_engineering.py
    deps:
    - path: data/interim
      hash: md5
      md5: 985f7ec6f120c9a2bf5f6c7d8b547d7d.dir
      size: 566063
      nfiles: 2
    - path: src/features/feature_engineering.py
      hash: md5
      md5: c7245db7f2d7888f9ec87c4bc88a9e2c
      size: 3792
    params:
      params.yaml:
        feature_engineering.max_features: 2000
    outs:
    - path: data/processed
      hash: md5
      md5: e1508b32f8f19a42a21792be46fc5763.dir
      size: 41544916
      nfiles: 2
  model_building:
    cmd: python src/model/model_building.py
    deps:
    - path: data/processed
      hash: md5
      md5: e1508b32f8f19a42a21792be46fc5763.dir
      size: 41544916
      nfiles: 2
    - path: src/model/model_building.py
      hash: md5
      md5: 809681a98d52938b43c9befd0b00a422
      size: 2373
    outs:
    - path: models/model.pkl
      hash: md5
      md5: da7ca81d5de8f904b8b47529b43fbedc
      size: 16716
  model_evaluation:
    cmd: python src/model/model_evaluation.py
    deps:
    - path: models/model.pkl
      hash: md5
      md5: da7ca81d5de8f904b8b47529b43fbedc
      size: 16716
    - path: src/model/model_evaluation.py
      hash: md5
      md5: 3427294c84692542f0881e491da480e2
      size: 5245
    outs:
    - path: reports/metrics.json
      hash: md5
      md5: 949a8be3938c60c1ba65ff9fa3fa2e84
      size: 145
